// !$*UTF8*$!
{
	archiveVersion = 1;
	classes = {
	};
	objectVersion = 51;
	objects = {

/* Begin PBXBuildFile section */
		527006D184075A38B785F288 /* Pods_CoreDataTripTests.framework in Frameworks */ = {isa = PBXBuildFile; fileRef = DBED40DB82D5BAA84BA6EE32 /* Pods_CoreDataTripTests.framework */; };
		78110391235448880077ACE0 /* AppDelegate.swift in Sources */ = {isa = PBXBuildFile; fileRef = 78110390235448880077ACE0 /* AppDelegate.swift */; };
		78110393235448880077ACE0 /* ViewController.swift in Sources */ = {isa = PBXBuildFile; fileRef = 78110392235448880077ACE0 /* ViewController.swift */; };
		78110396235448880077ACE0 /* Main.storyboard in Resources */ = {isa = PBXBuildFile; fileRef = 78110394235448880077ACE0 /* Main.storyboard */; };
		78110399235448880077ACE0 /* CoreDataTrip.xcdatamodeld in Sources */ = {isa = PBXBuildFile; fileRef = 78110397235448880077ACE0 /* CoreDataTrip.xcdatamodeld */; };
		7811039B235448890077ACE0 /* Assets.xcassets in Resources */ = {isa = PBXBuildFile; fileRef = 7811039A235448890077ACE0 /* Assets.xcassets */; };
		7811039E235448890077ACE0 /* LaunchScreen.storyboard in Resources */ = {isa = PBXBuildFile; fileRef = 7811039C235448890077ACE0 /* LaunchScreen.storyboard */; };
		781103A9235448890077ACE0 /* CoreDataTripTests.swift in Sources */ = {isa = PBXBuildFile; fileRef = 781103A8235448890077ACE0 /* CoreDataTripTests.swift */; };
		781103B4235448890077ACE0 /* CoreDataTripUITests.swift in Sources */ = {isa = PBXBuildFile; fileRef = 781103B3235448890077ACE0 /* CoreDataTripUITests.swift */; };
		781103C2235448D90077ACE0 /* CoreDataManager.swift in Sources */ = {isa = PBXBuildFile; fileRef = 781103C1235448D90077ACE0 /* CoreDataManager.swift */; };
		78E7B4E623544ED200B948FE /* UserInfoCell.swift in Sources */ = {isa = PBXBuildFile; fileRef = 78E7B4E423544ED200B948FE /* UserInfoCell.swift */; };
		78E7B4E723544ED200B948FE /* UserInfoCell.xib in Resources */ = {isa = PBXBuildFile; fileRef = 78E7B4E523544ED200B948FE /* UserInfoCell.xib */; };
		78E7B4ED235458B000B948FE /* EmployeeModel.swift in Sources */ = {isa = PBXBuildFile; fileRef = 78E7B4EC235458B000B948FE /* EmployeeModel.swift */; };
		78E7B4EF23545B7A00B948FE /* AddRecordVC.swift in Sources */ = {isa = PBXBuildFile; fileRef = 78E7B4EE23545B7A00B948FE /* AddRecordVC.swift */; };
		78E7B4F52354A22100B948FE /* Alert.swift in Sources */ = {isa = PBXBuildFile; fileRef = 78E7B4F42354A22000B948FE /* Alert.swift */; };
		9EFA80D82DE87CE3B016DEAA /* Pods_CoreDataTrip.framework in Frameworks */ = {isa = PBXBuildFile; fileRef = B17113DF9225AE5F2DF4D17B /* Pods_CoreDataTrip.framework */; };
		C38639F218C962E8B8D8669F /* Pods_CoreDataTripUITests.framework in Frameworks */ = {isa = PBXBuildFile; fileRef = 0830C3BC7A8DB1B120666E31 /* Pods_CoreDataTripUITests.framework */; };
/* End PBXBuildFile section */

/* Begin PBXContainerItemProxy section */
		781103A5235448890077ACE0 /* PBXContainerItemProxy */ = {
			isa = PBXContainerItemProxy;
			containerPortal = 78110385235448880077ACE0 /* Project object */;
			proxyType = 1;
			remoteGlobalIDString = 7811038C235448880077ACE0;
			remoteInfo = CoreDataTrip;
		};
		781103B0235448890077ACE0 /* PBXContainerItemProxy */ = {
			isa = PBXContainerItemProxy;
			containerPortal = 78110385235448880077ACE0 /* Project object */;
			proxyType = 1;
			remoteGlobalIDString = 7811038C235448880077ACE0;
			remoteInfo = CoreDataTrip;
		};
/* End PBXContainerItemProxy section */

/* Begin PBXFileReference section */
		0830C3BC7A8DB1B120666E31 /* Pods_CoreDataTripUITests.framework */ = {isa = PBXFileReference; explicitFileType = wrapper.framework; includeInIndex = 0; path = Pods_CoreDataTripUITests.framework; sourceTree = BUILT_PRODUCTS_DIR; };
		56971EF46C6502747CAFAA8C /* Pods-CoreDataTrip.release.xcconfig */ = {isa = PBXFileReference; includeInIndex = 1; lastKnownFileType = text.xcconfig; name = "Pods-CoreDataTrip.release.xcconfig"; path = "Target Support Files/Pods-CoreDataTrip/Pods-CoreDataTrip.release.xcconfig"; sourceTree = "<group>"; };
		646C01D36788B1E73A7CF63E /* Pods-CoreDataTripUITests.debug.xcconfig */ = {isa = PBXFileReference; includeInIndex = 1; lastKnownFileType = text.xcconfig; name = "Pods-CoreDataTripUITests.debug.xcconfig"; path = "Target Support Files/Pods-CoreDataTripUITests/Pods-CoreDataTripUITests.debug.xcconfig"; sourceTree = "<group>"; };
		72AA5F4BB78678EAD0642B18 /* Pods-CoreDataTripUITests.release.xcconfig */ = {isa = PBXFileReference; includeInIndex = 1; lastKnownFileType = text.xcconfig; name = "Pods-CoreDataTripUITests.release.xcconfig"; path = "Target Support Files/Pods-CoreDataTripUITests/Pods-CoreDataTripUITests.release.xcconfig"; sourceTree = "<group>"; };
		7811038D235448880077ACE0 /* CoreDataTrip.app */ = {isa = PBXFileReference; explicitFileType = wrapper.application; includeInIndex = 0; path = CoreDataTrip.app; sourceTree = BUILT_PRODUCTS_DIR; };
		78110390235448880077ACE0 /* AppDelegate.swift */ = {isa = PBXFileReference; lastKnownFileType = sourcecode.swift; path = AppDelegate.swift; sourceTree = "<group>"; };
		78110392235448880077ACE0 /* ViewController.swift */ = {isa = PBXFileReference; lastKnownFileType = sourcecode.swift; path = ViewController.swift; sourceTree = "<group>"; };
		78110395235448880077ACE0 /* Base */ = {isa = PBXFileReference; lastKnownFileType = file.storyboard; name = Base; path = Base.lproj/Main.storyboard; sourceTree = "<group>"; };
		78110398235448880077ACE0 /* CoreDataTrip.xcdatamodel */ = {isa = PBXFileReference; lastKnownFileType = wrapper.xcdatamodel; path = CoreDataTrip.xcdatamodel; sourceTree = "<group>"; };
		7811039A235448890077ACE0 /* Assets.xcassets */ = {isa = PBXFileReference; lastKnownFileType = folder.assetcatalog; path = Assets.xcassets; sourceTree = "<group>"; };
		7811039D235448890077ACE0 /* Base */ = {isa = PBXFileReference; lastKnownFileType = file.storyboard; name = Base; path = Base.lproj/LaunchScreen.storyboard; sourceTree = "<group>"; };
		7811039F235448890077ACE0 /* Info.plist */ = {isa = PBXFileReference; lastKnownFileType = text.plist.xml; path = Info.plist; sourceTree = "<group>"; };
		781103A4235448890077ACE0 /* CoreDataTripTests.xctest */ = {isa = PBXFileReference; explicitFileType = wrapper.cfbundle; includeInIndex = 0; path = CoreDataTripTests.xctest; sourceTree = BUILT_PRODUCTS_DIR; };
		781103A8235448890077ACE0 /* CoreDataTripTests.swift */ = {isa = PBXFileReference; lastKnownFileType = sourcecode.swift; path = CoreDataTripTests.swift; sourceTree = "<group>"; };
		781103AA235448890077ACE0 /* Info.plist */ = {isa = PBXFileReference; lastKnownFileType = text.plist.xml; path = Info.plist; sourceTree = "<group>"; };
		781103AF235448890077ACE0 /* CoreDataTripUITests.xctest */ = {isa = PBXFileReference; explicitFileType = wrapper.cfbundle; includeInIndex = 0; path = CoreDataTripUITests.xctest; sourceTree = BUILT_PRODUCTS_DIR; };
		781103B3235448890077ACE0 /* CoreDataTripUITests.swift */ = {isa = PBXFileReference; lastKnownFileType = sourcecode.swift; path = CoreDataTripUITests.swift; sourceTree = "<group>"; };
		781103B5235448890077ACE0 /* Info.plist */ = {isa = PBXFileReference; lastKnownFileType = text.plist.xml; path = Info.plist; sourceTree = "<group>"; };
		781103C1235448D90077ACE0 /* CoreDataManager.swift */ = {isa = PBXFileReference; lastKnownFileType = sourcecode.swift; path = CoreDataManager.swift; sourceTree = "<group>"; };
		78E7B4E423544ED200B948FE /* UserInfoCell.swift */ = {isa = PBXFileReference; lastKnownFileType = sourcecode.swift; path = UserInfoCell.swift; sourceTree = "<group>"; };
		78E7B4E523544ED200B948FE /* UserInfoCell.xib */ = {isa = PBXFileReference; lastKnownFileType = file.xib; path = UserInfoCell.xib; sourceTree = "<group>"; };
		78E7B4EC235458B000B948FE /* EmployeeModel.swift */ = {isa = PBXFileReference; lastKnownFileType = sourcecode.swift; path = EmployeeModel.swift; sourceTree = "<group>"; };
		78E7B4EE23545B7A00B948FE /* AddRecordVC.swift */ = {isa = PBXFileReference; lastKnownFileType = sourcecode.swift; path = AddRecordVC.swift; sourceTree = "<group>"; };
		78E7B4F42354A22000B948FE /* Alert.swift */ = {isa = PBXFileReference; fileEncoding = 4; lastKnownFileType = sourcecode.swift; path = Alert.swift; sourceTree = "<group>"; };
		8CB1C7DB17B7F66EA1295B76 /* Pods-CoreDataTripTests.release.xcconfig */ = {isa = PBXFileReference; includeInIndex = 1; lastKnownFileType = text.xcconfig; name = "Pods-CoreDataTripTests.release.xcconfig"; path = "Target Support Files/Pods-CoreDataTripTests/Pods-CoreDataTripTests.release.xcconfig"; sourceTree = "<group>"; };
		B17113DF9225AE5F2DF4D17B /* Pods_CoreDataTrip.framework */ = {isa = PBXFileReference; explicitFileType = wrapper.framework; includeInIndex = 0; path = Pods_CoreDataTrip.framework; sourceTree = BUILT_PRODUCTS_DIR; };
		C6DF3CDCFBF44A7C4D50F0BC /* Pods-CoreDataTrip.debug.xcconfig */ = {isa = PBXFileReference; includeInIndex = 1; lastKnownFileType = text.xcconfig; name = "Pods-CoreDataTrip.debug.xcconfig"; path = "Target Support Files/Pods-CoreDataTrip/Pods-CoreDataTrip.debug.xcconfig"; sourceTree = "<group>"; };
		DBED40DB82D5BAA84BA6EE32 /* Pods_CoreDataTripTests.framework */ = {isa = PBXFileReference; explicitFileType = wrapper.framework; includeInIndex = 0; path = Pods_CoreDataTripTests.framework; sourceTree = BUILT_PRODUCTS_DIR; };
		EFFF9B7D7A6189C811F8401E /* Pods-CoreDataTripTests.debug.xcconfig */ = {isa = PBXFileReference; includeInIndex = 1; lastKnownFileType = text.xcconfig; name = "Pods-CoreDataTripTests.debug.xcconfig"; path = "Target Support Files/Pods-CoreDataTripTests/Pods-CoreDataTripTests.debug.xcconfig"; sourceTree = "<group>"; };
/* End PBXFileReference section */

/* Begin PBXFrameworksBuildPhase section */
		7811038A235448880077ACE0 /* Frameworks */ = {
			isa = PBXFrameworksBuildPhase;
			buildActionMask = 2147483647;
			files = (
				9EFA80D82DE87CE3B016DEAA /* Pods_CoreDataTrip.framework in Frameworks */,
			);
			runOnlyForDeploymentPostprocessing = 0;
		};
		781103A1235448890077ACE0 /* Frameworks */ = {
			isa = PBXFrameworksBuildPhase;
			buildActionMask = 2147483647;
			files = (
				527006D184075A38B785F288 /* Pods_CoreDataTripTests.framework in Frameworks */,
			);
			runOnlyForDeploymentPostprocessing = 0;
		};
		781103AC235448890077ACE0 /* Frameworks */ = {
			isa = PBXFrameworksBuildPhase;
			buildActionMask = 2147483647;
			files = (
				C38639F218C962E8B8D8669F /* Pods_CoreDataTripUITests.framework in Frameworks */,
			);
			runOnlyForDeploymentPostprocessing = 0;
		};
/* End PBXFrameworksBuildPhase section */

/* Begin PBXGroup section */
		78110384235448880077ACE0 = {
			isa = PBXGroup;
			children = (
				7811038F235448880077ACE0 /* CoreDataTrip */,
				781103A7235448890077ACE0 /* CoreDataTripTests */,
				781103B2235448890077ACE0 /* CoreDataTripUITests */,
				7811038E235448880077ACE0 /* Products */,
				AB6272C6947176372BEBDE8E /* Pods */,
				C2E707F4927B3C79BA37182A /* Frameworks */,
			);
			sourceTree = "<group>";
		};
		7811038E235448880077ACE0 /* Products */ = {
			isa = PBXGroup;
			children = (
				7811038D235448880077ACE0 /* CoreDataTrip.app */,
				781103A4235448890077ACE0 /* CoreDataTripTests.xctest */,
				781103AF235448890077ACE0 /* CoreDataTripUITests.xctest */,
			);
			name = Products;
			sourceTree = "<group>";
		};
		7811038F235448880077ACE0 /* CoreDataTrip */ = {
			isa = PBXGroup;
			children = (
				78110390235448880077ACE0 /* AppDelegate.swift */,
				78110392235448880077ACE0 /* ViewController.swift */,
				78E7B4EE23545B7A00B948FE /* AddRecordVC.swift */,
				78E7B4E423544ED200B948FE /* UserInfoCell.swift */,
				781103C1235448D90077ACE0 /* CoreDataManager.swift */,
				78E7B4EC235458B000B948FE /* EmployeeModel.swift */,
				78E7B4F42354A22000B948FE /* Alert.swift */,
				78E7B4E523544ED200B948FE /* UserInfoCell.xib */,
				78110394235448880077ACE0 /* Main.storyboard */,
				7811039A235448890077ACE0 /* Assets.xcassets */,
				7811039C235448890077ACE0 /* LaunchScreen.storyboard */,
				7811039F235448890077ACE0 /* Info.plist */,
				78110397235448880077ACE0 /* CoreDataTrip.xcdatamodeld */,
			);
			path = CoreDataTrip;
			sourceTree = "<group>";
		};
		781103A7235448890077ACE0 /* CoreDataTripTests */ = {
			isa = PBXGroup;
			children = (
				781103A8235448890077ACE0 /* CoreDataTripTests.swift */,
				781103AA235448890077ACE0 /* Info.plist */,
			);
			path = CoreDataTripTests;
			sourceTree = "<group>";
		};
		781103B2235448890077ACE0 /* CoreDataTripUITests */ = {
			isa = PBXGroup;
			children = (
				781103B3235448890077ACE0 /* CoreDataTripUITests.swift */,
				781103B5235448890077ACE0 /* Info.plist */,
			);
			path = CoreDataTripUITests;
			sourceTree = "<group>";
		};
		AB6272C6947176372BEBDE8E /* Pods */ = {
			isa = PBXGroup;
			children = (
				C6DF3CDCFBF44A7C4D50F0BC /* Pods-CoreDataTrip.debug.xcconfig */,
				56971EF46C6502747CAFAA8C /* Pods-CoreDataTrip.release.xcconfig */,
				EFFF9B7D7A6189C811F8401E /* Pods-CoreDataTripTests.debug.xcconfig */,
				8CB1C7DB17B7F66EA1295B76 /* Pods-CoreDataTripTests.release.xcconfig */,
				646C01D36788B1E73A7CF63E /* Pods-CoreDataTripUITests.debug.xcconfig */,
				72AA5F4BB78678EAD0642B18 /* Pods-CoreDataTripUITests.release.xcconfig */,
			);
			path = Pods;
			sourceTree = "<group>";
		};
		C2E707F4927B3C79BA37182A /* Frameworks */ = {
			isa = PBXGroup;
			children = (
				B17113DF9225AE5F2DF4D17B /* Pods_CoreDataTrip.framework */,
				DBED40DB82D5BAA84BA6EE32 /* Pods_CoreDataTripTests.framework */,
				0830C3BC7A8DB1B120666E31 /* Pods_CoreDataTripUITests.framework */,
			);
			name = Frameworks;
			sourceTree = "<group>";
		};
/* End PBXGroup section */

/* Begin PBXNativeTarget section */
		7811038C235448880077ACE0 /* CoreDataTrip */ = {
			isa = PBXNativeTarget;
			buildConfigurationList = 781103B8235448890077ACE0 /* Build configuration list for PBXNativeTarget "CoreDataTrip" */;
			buildPhases = (
				6C609CECDBAEE95F1AA8CCFD /* [CP] Check Pods Manifest.lock */,
				78110389235448880077ACE0 /* Sources */,
				7811038A235448880077ACE0 /* Frameworks */,
				7811038B235448880077ACE0 /* Resources */,
				4452AF4406E6A9A2F366C571 /* [CP] Embed Pods Frameworks */,
			);
			buildRules = (
			);
			dependencies = (
			);
			name = CoreDataTrip;
			productName = CoreDataTrip;
			productReference = 7811038D235448880077ACE0 /* CoreDataTrip.app */;
			productType = "com.apple.product-type.application";
		};
		781103A3235448890077ACE0 /* CoreDataTripTests */ = {
			isa = PBXNativeTarget;
			buildConfigurationList = 781103BB235448890077ACE0 /* Build configuration list for PBXNativeTarget "CoreDataTripTests" */;
			buildPhases = (
				C3B5F956E63D66CF276DC767 /* [CP] Check Pods Manifest.lock */,
				781103A0235448890077ACE0 /* Sources */,
				781103A1235448890077ACE0 /* Frameworks */,
				781103A2235448890077ACE0 /* Resources */,
			);
			buildRules = (
			);
			dependencies = (
				781103A6235448890077ACE0 /* PBXTargetDependency */,
			);
			name = CoreDataTripTests;
			productName = CoreDataTripTests;
			productReference = 781103A4235448890077ACE0 /* CoreDataTripTests.xctest */;
			productType = "com.apple.product-type.bundle.unit-test";
		};
		781103AE235448890077ACE0 /* CoreDataTripUITests */ = {
			isa = PBXNativeTarget;
			buildConfigurationList = 781103BE235448890077ACE0 /* Build configuration list for PBXNativeTarget "CoreDataTripUITests" */;
			buildPhases = (
				E87A694D1305A7CA251B4E54 /* [CP] Check Pods Manifest.lock */,
				781103AB235448890077ACE0 /* Sources */,
				781103AC235448890077ACE0 /* Frameworks */,
				781103AD235448890077ACE0 /* Resources */,
			);
			buildRules = (
			);
			dependencies = (
				781103B1235448890077ACE0 /* PBXTargetDependency */,
			);
			name = CoreDataTripUITests;
			productName = CoreDataTripUITests;
			productReference = 781103AF235448890077ACE0 /* CoreDataTripUITests.xctest */;
			productType = "com.apple.product-type.bundle.ui-testing";
		};
/* End PBXNativeTarget section */

/* Begin PBXProject section */
		78110385235448880077ACE0 /* Project object */ = {
			isa = PBXProject;
			attributes = {
				LastSwiftUpdateCheck = 1010;
				LastUpgradeCheck = 1010;
				ORGANIZATIONNAME = "Harish Kshirsagar";
				TargetAttributes = {
					7811038C235448880077ACE0 = {
						CreatedOnToolsVersion = 10.1;
					};
					781103A3235448890077ACE0 = {
						CreatedOnToolsVersion = 10.1;
						TestTargetID = 7811038C235448880077ACE0;
					};
					781103AE235448890077ACE0 = {
						CreatedOnToolsVersion = 10.1;
						TestTargetID = 7811038C235448880077ACE0;
					};
				};
			};
			buildConfigurationList = 78110388235448880077ACE0 /* Build configuration list for PBXProject "CoreDataTrip" */;
			compatibilityVersion = "Xcode 9.3";
			developmentRegion = en;
			hasScannedForEncodings = 0;
			knownRegions = (
				en,
				Base,
			);
			mainGroup = 78110384235448880077ACE0;
			productRefGroup = 7811038E235448880077ACE0 /* Products */;
			projectDirPath = "";
			projectRoot = "";
			targets = (
				7811038C235448880077ACE0 /* CoreDataTrip */,
				781103A3235448890077ACE0 /* CoreDataTripTests */,
				781103AE235448890077ACE0 /* CoreDataTripUITests */,
			);
		};
/* End PBXProject section */

/* Begin PBXResourcesBuildPhase section */
		7811038B235448880077ACE0 /* Resources */ = {
			isa = PBXResourcesBuildPhase;
			buildActionMask = 2147483647;
			files = (
				78E7B4E723544ED200B948FE /* UserInfoCell.xib in Resources */,
				7811039E235448890077ACE0 /* LaunchScreen.storyboard in Resources */,
				7811039B235448890077ACE0 /* Assets.xcassets in Resources */,
				78110396235448880077ACE0 /* Main.storyboard in Resources */,
			);
			runOnlyForDeploymentPostprocessing = 0;
		};
		781103A2235448890077ACE0 /* Resources */ = {
			isa = PBXResourcesBuildPhase;
			buildActionMask = 2147483647;
			files = (
			);
			runOnlyForDeploymentPostprocessing = 0;
		};
		781103AD235448890077ACE0 /* Resources */ = {
			isa = PBXResourcesBuildPhase;
			buildActionMask = 2147483647;
			files = (
			);
			runOnlyForDeploymentPostprocessing = 0;
		};
/* End PBXResourcesBuildPhase section */

/* Begin PBXShellScriptBuildPhase section */
		4452AF4406E6A9A2F366C571 /* [CP] Embed Pods Frameworks */ = {
			isa = PBXShellScriptBuildPhase;
			buildActionMask = 2147483647;
			files = (
			);
			inputFileListPaths = (
				"${PODS_ROOT}/Target Support Files/Pods-CoreDataTrip/Pods-CoreDataTrip-frameworks-${CONFIGURATION}-input-files.xcfilelist",
			);
			name = "[CP] Embed Pods Frameworks";
			outputFileListPaths = (
				"${PODS_ROOT}/Target Support Files/Pods-CoreDataTrip/Pods-CoreDataTrip-frameworks-${CONFIGURATION}-output-files.xcfilelist",
			);
			runOnlyForDeploymentPostprocessing = 0;
			shellPath = /bin/sh;
			shellScript = "\"${PODS_ROOT}/Target Support Files/Pods-CoreDataTrip/Pods-CoreDataTrip-frameworks.sh\"\n";
			showEnvVarsInLog = 0;
		};
		6C609CECDBAEE95F1AA8CCFD /* [CP] Check Pods Manifest.lock */ = {
			isa = PBXShellScriptBuildPhase;
			buildActionMask = 2147483647;
			files = (
			);
			inputFileListPaths = (
			);
			inputPaths = (
				"${PODS_PODFILE_DIR_PATH}/Podfile.lock",
				"${PODS_ROOT}/Manifest.lock",
			);
			name = "[CP] Check Pods Manifest.lock";
			outputFileListPaths = (
			);
			outputPaths = (
				"$(DERIVED_FILE_DIR)/Pods-CoreDataTrip-checkManifestLockResult.txt",
			);
			runOnlyForDeploymentPostprocessing = 0;
			shellPath = /bin/sh;
			shellScript = "diff \"${PODS_PODFILE_DIR_PATH}/Podfile.lock\" \"${PODS_ROOT}/Manifest.lock\" > /dev/null\nif [ $? != 0 ] ; then\n    # print error to STDERR\n    echo \"error: The sandbox is not in sync with the Podfile.lock. Run 'pod install' or update your CocoaPods installation.\" >&2\n    exit 1\nfi\n# This output is used by Xcode 'outputs' to avoid re-running this script phase.\necho \"SUCCESS\" > \"${SCRIPT_OUTPUT_FILE_0}\"\n";
			showEnvVarsInLog = 0;
		};
		C3B5F956E63D66CF276DC767 /* [CP] Check Pods Manifest.lock */ = {
			isa = PBXShellScriptBuildPhase;
			buildActionMask = 2147483647;
			files = (
			);
			inputFileListPaths = (
			);
			inputPaths = (
				"${PODS_PODFILE_DIR_PATH}/Podfile.lock",
				"${PODS_ROOT}/Manifest.lock",
			);
			name = "[CP] Check Pods Manifest.lock";
			outputFileListPaths = (
			);
			outputPaths = (
				"$(DERIVED_FILE_DIR)/Pods-CoreDataTripTests-checkManifestLockResult.txt",
			);
			runOnlyForDeploymentPostprocessing = 0;
			shellPath = /bin/sh;
			shellScript = "diff \"${PODS_PODFILE_DIR_PATH}/Podfile.lock\" \"${PODS_ROOT}/Manifest.lock\" > /dev/null\nif [ $? != 0 ] ; then\n    # print error to STDERR\n    echo \"error: The sandbox is not in sync with the Podfile.lock. Run 'pod install' or update your CocoaPods installation.\" >&2\n    exit 1\nfi\n# This output is used by Xcode 'outputs' to avoid re-running this script phase.\necho \"SUCCESS\" > \"${SCRIPT_OUTPUT_FILE_0}\"\n";
			showEnvVarsInLog = 0;
		};
		E87A694D1305A7CA251B4E54 /* [CP] Check Pods Manifest.lock */ = {
			isa = PBXShellScriptBuildPhase;
			buildActionMask = 2147483647;
			files = (
			);
			inputFileListPaths = (
			);
			inputPaths = (
				"${PODS_PODFILE_DIR_PATH}/Podfile.lock",
				"${PODS_ROOT}/Manifest.lock",
			);
			name = "[CP] Check Pods Manifest.lock";
			outputFileListPaths = (
			);
			outputPaths = (
				"$(DERIVED_FILE_DIR)/Pods-CoreDataTripUITests-checkManifestLockResult.txt",
			);
			runOnlyForDeploymentPostprocessing = 0;
			shellPath = /bin/sh;
			shellScript = "diff \"${PODS_PODFILE_DIR_PATH}/Podfile.lock\" \"${PODS_ROOT}/Manifest.lock\" > /dev/null\nif [ $? != 0 ] ; then\n    # print error to STDERR\n    echo \"error: The sandbox is not in sync with the Podfile.lock. Run 'pod install' or update your CocoaPods installation.\" >&2\n    exit 1\nfi\n# This output is used by Xcode 'outputs' to avoid re-running this script phase.\necho \"SUCCESS\" > \"${SCRIPT_OUTPUT_FILE_0}\"\n";
			showEnvVarsInLog = 0;
		};
/* End PBXShellScriptBuildPhase section */

/* Begin PBXSourcesBuildPhase section */
		78110389235448880077ACE0 /* Sources */ = {
			isa = PBXSourcesBuildPhase;
			buildActionMask = 2147483647;
			files = (
				78E7B4EF23545B7A00B948FE /* AddRecordVC.swift in Sources */,
				78110393235448880077ACE0 /* ViewController.swift in Sources */,
				78110391235448880077ACE0 /* AppDelegate.swift in Sources */,
				781103C2235448D90077ACE0 /* CoreDataManager.swift in Sources */,
				78E7B4E623544ED200B948FE /* UserInfoCell.swift in Sources */,
				78110399235448880077ACE0 /* CoreDataTrip.xcdatamodeld in Sources */,
				78E7B4F52354A22100B948FE /* Alert.swift in Sources */,
				78E7B4ED235458B000B948FE /* EmployeeModel.swift in Sources */,
			);
			runOnlyForDeploymentPostprocessing = 0;
		};
		781103A0235448890077ACE0 /* Sources */ = {
			isa = PBXSourcesBuildPhase;
			buildActionMask = 2147483647;
			files = (
				781103A9235448890077ACE0 /* CoreDataTripTests.swift in Sources */,
			);
			runOnlyForDeploymentPostprocessing = 0;
		};
		781103AB235448890077ACE0 /* Sources */ = {
			isa = PBXSourcesBuildPhase;
			buildActionMask = 2147483647;
			files = (
				781103B4235448890077ACE0 /* CoreDataTripUITests.swift in Sources */,
			);
			runOnlyForDeploymentPostprocessing = 0;
		};
/* End PBXSourcesBuildPhase section */

/* Begin PBXTargetDependency section */
		781103A6235448890077ACE0 /* PBXTargetDependency */ = {
			isa = PBXTargetDependency;
			target = 7811038C235448880077ACE0 /* CoreDataTrip */;
			targetProxy = 781103A5235448890077ACE0 /* PBXContainerItemProxy */;
		};
		781103B1235448890077ACE0 /* PBXTargetDependency */ = {
			isa = PBXTargetDependency;
			target = 7811038C235448880077ACE0 /* CoreDataTrip */;
			targetProxy = 781103B0235448890077ACE0 /* PBXContainerItemProxy */;
		};
/* End PBXTargetDependency section */

/* Begin PBXVariantGroup section */
		78110394235448880077ACE0 /* Main.storyboard */ = {
			isa = PBXVariantGroup;
			children = (
				78110395235448880077ACE0 /* Base */,
			);
			name = Main.storyboard;
			sourceTree = "<group>";
		};
		7811039C235448890077ACE0 /* LaunchScreen.storyboard */ = {
			isa = PBXVariantGroup;
			children = (
				7811039D235448890077ACE0 /* Base */,
			);
			name = LaunchScreen.storyboard;
			sourceTree = "<group>";
		};
/* End PBXVariantGroup section */

/* Begin XCBuildConfiguration section */
		781103B6235448890077ACE0 /* Debug */ = {
			isa = XCBuildConfiguration;
			buildSettings = {
				ALWAYS_SEARCH_USER_PATHS = NO;
				CLANG_ANALYZER_NONNULL = YES;
				CLANG_ANALYZER_NUMBER_OBJECT_CONVERSION = YES_AGGRESSIVE;
				CLANG_CXX_LANGUAGE_STANDARD = "gnu++14";
				CLANG_CXX_LIBRARY = "libc++";
				CLANG_ENABLE_MODULES = YES;
				CLANG_ENABLE_OBJC_ARC = YES;
				CLANG_ENABLE_OBJC_WEAK = YES;
				CLANG_WARN_BLOCK_CAPTURE_AUTORELEASING = YES;
				CLANG_WARN_BOOL_CONVERSION = YES;
				CLANG_WARN_COMMA = YES;
				CLANG_WARN_CONSTANT_CONVERSION = YES;
				CLANG_WARN_DEPRECATED_OBJC_IMPLEMENTATIONS = YES;
				CLANG_WARN_DIRECT_OBJC_ISA_USAGE = YES_ERROR;
				CLANG_WARN_DOCUMENTATION_COMMENTS = YES;
				CLANG_WARN_EMPTY_BODY = YES;
				CLANG_WARN_ENUM_CONVERSION = YES;
				CLANG_WARN_INFINITE_RECURSION = YES;
				CLANG_WARN_INT_CONVERSION = YES;
				CLANG_WARN_NON_LITERAL_NULL_CONVERSION = YES;
				CLANG_WARN_OBJC_IMPLICIT_RETAIN_SELF = YES;
				CLANG_WARN_OBJC_LITERAL_CONVERSION = YES;
				CLANG_WARN_OBJC_ROOT_CLASS = YES_ERROR;
				CLANG_WARN_RANGE_LOOP_ANALYSIS = YES;
				CLANG_WARN_STRICT_PROTOTYPES = YES;
				CLANG_WARN_SUSPICIOUS_MOVE = YES;
				CLANG_WARN_UNGUARDED_AVAILABILITY = YES_AGGRESSIVE;
				CLANG_WARN_UNREACHABLE_CODE = YES;
				CLANG_WARN__DUPLICATE_METHOD_MATCH = YES;
				CODE_SIGN_IDENTITY = "iPhone Developer";
				COPY_PHASE_STRIP = NO;
				DEBUG_INFORMATION_FORMAT = dwarf;
				ENABLE_STRICT_OBJC_MSGSEND = YES;
				ENABLE_TESTABILITY = YES;
				GCC_C_LANGUAGE_STANDARD = gnu11;
				GCC_DYNAMIC_NO_PIC = NO;
				GCC_NO_COMMON_BLOCKS = YES;
				GCC_OPTIMIZATION_LEVEL = 0;
				GCC_PREPROCESSOR_DEFINITIONS = (
					"DEBUG=1",
					"$(inherited)",
				);
				GCC_WARN_64_TO_32_BIT_CONVERSION = YES;
				GCC_WARN_ABOUT_RETURN_TYPE = YES_ERROR;
				GCC_WARN_UNDECLARED_SELECTOR = YES;
				GCC_WARN_UNINITIALIZED_AUTOS = YES_AGGRESSIVE;
				GCC_WARN_UNUSED_FUNCTION = YES;
				GCC_WARN_UNUSED_VARIABLE = YES;
				IPHONEOS_DEPLOYMENT_TARGET = 12.1;
				MTL_ENABLE_DEBUG_INFO = INCLUDE_SOURCE;
				MTL_FAST_MATH = YES;
				ONLY_ACTIVE_ARCH = YES;
				SDKROOT = iphoneos;
				SWIFT_ACTIVE_COMPILATION_CONDITIONS = DEBUG;
				SWIFT_OPTIMIZATION_LEVEL = "-Onone";
			};
			name = Debug;
		};
		781103B7235448890077ACE0 /* Release */ = {
			isa = XCBuildConfiguration;
			buildSettings = {
				ALWAYS_SEARCH_USER_PATHS = NO;
				CLANG_ANALYZER_NONNULL = YES;
				CLANG_ANALYZER_NUMBER_OBJECT_CONVERSION = YES_AGGRESSIVE;
				CLANG_CXX_LANGUAGE_STANDARD = "gnu++14";
				CLANG_CXX_LIBRARY = "libc++";
				CLANG_ENABLE_MODULES = YES;
				CLANG_ENABLE_OBJC_ARC = YES;
				CLANG_ENABLE_OBJC_WEAK = YES;
				CLANG_WARN_BLOCK_CAPTURE_AUTORELEASING = YES;
				CLANG_WARN_BOOL_CONVERSION = YES;
				CLANG_WARN_COMMA = YES;
				CLANG_WARN_CONSTANT_CONVERSION = YES;
				CLANG_WARN_DEPRECATED_OBJC_IMPLEMENTATIONS = YES;
				CLANG_WARN_DIRECT_OBJC_ISA_USAGE = YES_ERROR;
				CLANG_WARN_DOCUMENTATION_COMMENTS = YES;
				CLANG_WARN_EMPTY_BODY = YES;
				CLANG_WARN_ENUM_CONVERSION = YES;
				CLANG_WARN_INFINITE_RECURSION = YES;
				CLANG_WARN_INT_CONVERSION = YES;
				CLANG_WARN_NON_LITERAL_NULL_CONVERSION = YES;
				CLANG_WARN_OBJC_IMPLICIT_RETAIN_SELF = YES;
				CLANG_WARN_OBJC_LITERAL_CONVERSION = YES;
				CLANG_WARN_OBJC_ROOT_CLASS = YES_ERROR;
				CLANG_WARN_RANGE_LOOP_ANALYSIS = YES;
				CLANG_WARN_STRICT_PROTOTYPES = YES;
				CLANG_WARN_SUSPICIOUS_MOVE = YES;
				CLANG_WARN_UNGUARDED_AVAILABILITY = YES_AGGRESSIVE;
				CLANG_WARN_UNREACHABLE_CODE = YES;
				CLANG_WARN__DUPLICATE_METHOD_MATCH = YES;
				CODE_SIGN_IDENTITY = "iPhone Developer";
				COPY_PHASE_STRIP = NO;
				DEBUG_INFORMATION_FORMAT = "dwarf-with-dsym";
				ENABLE_NS_ASSERTIONS = NO;
				ENABLE_STRICT_OBJC_MSGSEND = YES;
				GCC_C_LANGUAGE_STANDARD = gnu11;
				GCC_NO_COMMON_BLOCKS = YES;
				GCC_WARN_64_TO_32_BIT_CONVERSION = YES;
				GCC_WARN_ABOUT_RETURN_TYPE = YES_ERROR;
				GCC_WARN_UNDECLARED_SELECTOR = YES;
				GCC_WARN_UNINITIALIZED_AUTOS = YES_AGGRESSIVE;
				GCC_WARN_UNUSED_FUNCTION = YES;
				GCC_WARN_UNUSED_VARIABLE = YES;
				IPHONEOS_DEPLOYMENT_TARGET = 12.1;
				MTL_ENABLE_DEBUG_INFO = NO;
				MTL_FAST_MATH = YES;
				SDKROOT = iphoneos;
				SWIFT_COMPILATION_MODE = wholemodule;
				SWIFT_OPTIMIZATION_LEVEL = "-O";
				VALIDATE_PRODUCT = YES;
			};
			name = Release;
		};
		781103B9235448890077ACE0 /* Debug */ = {
			isa = XCBuildConfiguration;
			baseConfigurationReference = C6DF3CDCFBF44A7C4D50F0BC /* Pods-CoreDataTrip.debug.xcconfig */;
			buildSettings = {
				ASSETCATALOG_COMPILER_APPICON_NAME = AppIcon;
				CODE_SIGN_STYLE = Automatic;
				INFOPLIST_FILE = CoreDataTrip/Info.plist;
				LD_RUNPATH_SEARCH_PATHS = (
					"$(inherited)",
					"@executable_path/Frameworks",
				);
				PRODUCT_BUNDLE_IDENTIFIER = Technohertz.CoreDataTrip;
				PRODUCT_NAME = "$(TARGET_NAME)";
				SWIFT_VERSION = 4.2;
				TARGETED_DEVICE_FAMILY = "1,2";
			};
			name = Debug;
		};
		781103BA235448890077ACE0 /* Release */ = {
			isa = XCBuildConfiguration;
			baseConfigurationReference = 56971EF46C6502747CAFAA8C /* Pods-CoreDataTrip.release.xcconfig */;
			buildSettings = {
				ASSETCATALOG_COMPILER_APPICON_NAME = AppIcon;
				CODE_SIGN_STYLE = Automatic;
				INFOPLIST_FILE = CoreDataTrip/Info.plist;
				LD_RUNPATH_SEARCH_PATHS = (
					"$(inherited)",
					"@executable_path/Frameworks",
				);
				PRODUCT_BUNDLE_IDENTIFIER = Technohertz.CoreDataTrip;
				PRODUCT_NAME = "$(TARGET_NAME)";
				SWIFT_VERSION = 4.2;
				TARGETED_DEVICE_FAMILY = "1,2";
			};
			name = Release;
		};
		781103BC235448890077ACE0 /* Debug */ = {
			isa = XCBuildConfiguration;
			baseConfigurationReference = EFFF9B7D7A6189C811F8401E /* Pods-CoreDataTripTests.debug.xcconfig */;
			buildSettings = {
				ALWAYS_EMBED_SWIFT_STANDARD_LIBRARIES = YES;
				BUNDLE_LOADER = "$(TEST_HOST)";
				CODE_SIGN_STYLE = Automatic;
				INFOPLIST_FILE = CoreDataTripTests/Info.plist;
				LD_RUNPATH_SEARCH_PATHS = (
					"$(inherited)",
					"@executable_path/Frameworks",
					"@loader_path/Frameworks",
				);
				PRODUCT_BUNDLE_IDENTIFIER = Technohertz.CoreDataTripTests;
				PRODUCT_NAME = "$(TARGET_NAME)";
				SWIFT_VERSION = 4.2;
				TARGETED_DEVICE_FAMILY = "1,2";
				TEST_HOST = "$(BUILT_PRODUCTS_DIR)/CoreDataTrip.app/CoreDataTrip";
			};
			name = Debug;
		};
		781103BD235448890077ACE0 /* Release */ = {
			isa = XCBuildConfiguration;
			baseConfigurationReference = 8CB1C7DB17B7F66EA1295B76 /* Pods-CoreDataTripTests.release.xcconfig */;
			buildSettings = {
				ALWAYS_EMBED_SWIFT_STANDARD_LIBRARIES = YES;
				BUNDLE_LOADER = "$(TEST_HOST)";
				CODE_SIGN_STYLE = Automatic;
				INFOPLIST_FILE = CoreDataTripTests/Info.plist;
				LD_RUNPATH_SEARCH_PATHS = (
					"$(inherited)",
					"@executable_path/Frameworks",
					"@loader_path/Frameworks",
				);
				PRODUCT_BUNDLE_IDENTIFIER = Technohertz.CoreDataTripTests;
				PRODUCT_NAME = "$(TARGET_NAME)";
				SWIFT_VERSION = 4.2;
				TARGETED_DEVICE_FAMILY = "1,2";
				TEST_HOST = "$(BUILT_PRODUCTS_DIR)/CoreDataTrip.app/CoreDataTrip";
			};
			name = Release;
		};
		781103BF235448890077ACE0 /* Debug */ = {
			isa = XCBuildConfiguration;
			baseConfigurationReference = 646C01D36788B1E73A7CF63E /* Pods-CoreDataTripUITests.debug.xcconfig */;
			buildSettings = {
				ALWAYS_EMBED_SWIFT_STANDARD_LIBRARIES = YES;
				CODE_SIGN_STYLE = Automatic;
				INFOPLIST_FILE = CoreDataTripUITests/Info.plist;
				LD_RUNPATH_SEARCH_PATHS = (
					"$(inherited)",
					"@executable_path/Frameworks",
					"@loader_path/Frameworks",
				);
				PRODUCT_BUNDLE_IDENTIFIER = Technohertz.CoreDataTripUITests;
				PRODUCT_NAME = "$(TARGET_NAME)";
				SWIFT_VERSION = 4.2;
				TARGETED_DEVICE_FAMILY = "1,2";
				TEST_TARGET_NAME = CoreDataTrip;
			};
			name = Debug;
		};
		781103C0235448890077ACE0 /* Release */ = {
			isa = XCBuildConfiguration;
			baseConfigurationReference = 72AA5F4BB78678EAD0642B18 /* Pods-CoreDataTripUITests.release.xcconfig */;
			buildSettings = {
				ALWAYS_EMBED_SWIFT_STANDARD_LIBRARIES = YES;
				CODE_SIGN_STYLE = Automatic;
				INFOPLIST_FILE = CoreDataTripUITests/Info.plist;
				LD_RUNPATH_SEARCH_PATHS = (
					"$(inherited)",
					"@executable_path/Frameworks",
					"@loader_path/Frameworks",
				);
				PRODUCT_BUNDLE_IDENTIFIER = Technohertz.CoreDataTripUITests;
				PRODUCT_NAME = "$(TARGET_NAME)";
				SWIFT_VERSION = 4.2;
				TARGETED_DEVICE_FAMILY = "1,2";
				TEST_TARGET_NAME = CoreDataTrip;
			};
			name = Release;
		};
/* End XCBuildConfiguration section */

/* Begin XCConfigurationList section */
		78110388235448880077ACE0 /* Build configuration list for PBXProject "CoreDataTrip" */ = {
			isa = XCConfigurationList;
			buildConfigurations = (
				781103B6235448890077ACE0 /* Debug */,
				781103B7235448890077ACE0 /* Release */,
			);
			defaultConfigurationIsVisible = 0;
			defaultConfigurationName = Release;
		};
		781103B8235448890077ACE0 /* Build configuration list for PBXNativeTarget "CoreDataTrip" */ = {
			isa = XCConfigurationList;
			buildConfigurations = (
				781103B9235448890077ACE0 /* Debug */,
				781103BA235448890077ACE0 /* Release */,
			);
			defaultConfigurationIsVisible = 0;
			defaultConfigurationName = Release;
		};
		781103BB235448890077ACE0 /* Build configuration list for PBXNativeTarget "CoreDataTripTests" */ = {
			isa = XCConfigurationList;
			buildConfigurations = (
				781103BC235448890077ACE0 /* Debug */,
				781103BD235448890077ACE0 /* Release */,
			);
			defaultConfigurationIsVisible = 0;
			defaultConfigurationName = Release;
		};
		781103BE235448890077ACE0 /* Build configuration list for PBXNativeTarget "CoreDataTripUITests" */ = {
			isa = XCConfigurationList;
			buildConfigurations = (
				781103BF235448890077ACE0 /* Debug */,
				781103C0235448890077ACE0 /* Release */,
			);
			defaultConfigurationIsVisible = 0;
			defaultConfigurationName = Release;
		};
/* End XCConfigurationList section */

/* Begin XCVersionGroup section */
		78110397235448880077ACE0 /* CoreDataTrip.xcdatamodeld */ = {
			isa = XCVersionGroup;
			children = (
				78110398235448880077ACE0 /* CoreDataTrip.xcdatamodel */,
			);
			currentVersion = 78110398235448880077ACE0 /* CoreDataTrip.xcdatamodel */;
			path = CoreDataTrip.xcdatamodeld;
			sourceTree = "<group>";
			versionGroupType = wrapper.xcdatamodel;
		};
/* End XCVersionGroup section */
	};
	rootObject = 78110385235448880077ACE0 /* Project object */;
}
